
Microsoft Visual Studio Solution File, Format Version 12.00
# Visual Studio Version 16
VisualStudioVersion = 16.0.29613.14
MinimumVisualStudioVersion = 10.0.40219.1
Project("{FAE04EC0-301F-11D3-BF4B-00C04F79EFBC}") = "abstractMethods-yee", "abstractMethods-yee\abstractMethods-yee.csproj", "{FB357C84-184E-4D29-A307-EBD51E4C7FC5}"
EndProject
Global
	GlobalSection(SolutionConfigurationPlatforms) = preSolution
		Debug|Any CPU = Debug|Any CPU
		Release|Any CPU = Release|Any CPU
	EndGlobalSection
	GlobalSection(ProjectConfigurationPlatforms) = postSolution
		{FB357C84-184E-4D29-A307-EBD51E4C7FC5}.Debug|Any CPU.ActiveCfg = Debug|Any CPU
		{FB357C84-184E-4D29-A307-EBD51E4C7FC5}.Debug|Any CPU.Build.0 = Debug|Any CPU
		{FB357C84-184E-4D29-A307-EBD51E4C7FC5}.Release|Any CPU.ActiveCfg = Release|Any CPU
		{FB357C84-184E-4D29-A307-EBD51E4C7FC5}.Release|Any CPU.Build.0 = Release|Any CPU
	EndGlobalSection
	GlobalSection(SolutionProperties) = preSolution
		HideSolutionNode = FALSE
	EndGlobalSection
	GlobalSection(ExtensibilityGlobals) = postSolution
		SolutionGuid = {33F1CD4D-94B5-4075-8F63-2A092E4FBDE0}
	EndGlobalSection
EndGlobal
